
Microsoft Visual Studio Solution File, Format Version 12.00
# Visual Studio 15
VisualStudioVersion = 15.0.28307.136
MinimumVisualStudioVersion = 10.0.40219.1
Project("{FAE04EC0-301F-11D3-BF4B-00C04F79EFBC}") = "SeleniumAdvanced1", "SeleniumAdvanced1\SeleniumAdvanced1.csproj", "{199A5A98-F338-492C-A491-504B8779B7A2}"
EndProject
Global
	GlobalSection(SolutionConfigurationPlatforms) = preSolution
		Debug|Any CPU = Debug|Any CPU
		Release|Any CPU = Release|Any CPU
	EndGlobalSection
	GlobalSection(ProjectConfigurationPlatforms) = postSolution
		{199A5A98-F338-492C-A491-504B8779B7A2}.Debug|Any CPU.ActiveCfg = Debug|Any CPU
		{199A5A98-F338-492C-A491-504B8779B7A2}.Debug|Any CPU.Build.0 = Debug|Any CPU
		{199A5A98-F338-492C-A491-504B8779B7A2}.Release|Any CPU.ActiveCfg = Release|Any CPU
		{199A5A98-F338-492C-A491-504B8779B7A2}.Release|Any CPU.Build.0 = Release|Any CPU
	EndGlobalSection
	GlobalSection(SolutionProperties) = preSolution
		HideSolutionNode = FALSE
	EndGlobalSection
	GlobalSection(ExtensibilityGlobals) = postSolution
		SolutionGuid = {6B2731BA-D5EB-4A5D-B53C-FB8D802E2B56}
	EndGlobalSection
EndGlobal
